
Microsoft Visual Studio Solution File, Format Version 12.00
# Visual Studio Version 16
VisualStudioVersion = 16.0.31729.503
MinimumVisualStudioVersion = 10.0.40219.1
Project("{9A19103F-16F7-4668-BE54-9A1E7A4F7556}") = "NormativeCalculatorAPI", "NormativeCalculatorAPI\NormativeCalculatorAPI.csproj", "{E89633B2-565E-466D-A890-56B8203704F5}"
EndProject
Project("{9A19103F-16F7-4668-BE54-9A1E7A4F7556}") = "NormativeCalculator.Database", "NormativeCalculator.Database\NormativeCalculator.Database.csproj", "{8B826646-8AA2-4671-B271-87B6448EF0FB}"
EndProject
Project("{9A19103F-16F7-4668-BE54-9A1E7A4F7556}") = "NormativeCalculator.Infrastructure", "NormativeCalculator.Infrastructure\NormativeCalculator.Infrastructure.csproj", "{A243A4FE-E221-43E9-8BBF-877378E5CB3F}"
EndProject
Project("{FAE04EC0-301F-11D3-BF4B-00C04F79EFBC}") = "NormativeCalculator.DTOs", "NormativeCalculator.DTOs\NormativeCalculator.DTOs.csproj", "{24EAC856-86F5-490F-8059-F1CB5375FD88}"
EndProject
Global
	GlobalSection(SolutionConfigurationPlatforms) = preSolution
		Debug|Any CPU = Debug|Any CPU
		Release|Any CPU = Release|Any CPU
	EndGlobalSection
	GlobalSection(ProjectConfigurationPlatforms) = postSolution
		{E89633B2-565E-466D-A890-56B8203704F5}.Debug|Any CPU.ActiveCfg = Debug|Any CPU
		{E89633B2-565E-466D-A890-56B8203704F5}.Debug|Any CPU.Build.0 = Debug|Any CPU
		{E89633B2-565E-466D-A890-56B8203704F5}.Release|Any CPU.ActiveCfg = Release|Any CPU
		{E89633B2-565E-466D-A890-56B8203704F5}.Release|Any CPU.Build.0 = Release|Any CPU
		{8B826646-8AA2-4671-B271-87B6448EF0FB}.Debug|Any CPU.ActiveCfg = Debug|Any CPU
		{8B826646-8AA2-4671-B271-87B6448EF0FB}.Debug|Any CPU.Build.0 = Debug|Any CPU
		{8B826646-8AA2-4671-B271-87B6448EF0FB}.Release|Any CPU.ActiveCfg = Release|Any CPU
		{8B826646-8AA2-4671-B271-87B6448EF0FB}.Release|Any CPU.Build.0 = Release|Any CPU
		{A243A4FE-E221-43E9-8BBF-877378E5CB3F}.Debug|Any CPU.ActiveCfg = Debug|Any CPU
		{A243A4FE-E221-43E9-8BBF-877378E5CB3F}.Debug|Any CPU.Build.0 = Debug|Any CPU
		{A243A4FE-E221-43E9-8BBF-877378E5CB3F}.Release|Any CPU.ActiveCfg = Release|Any CPU
		{A243A4FE-E221-43E9-8BBF-877378E5CB3F}.Release|Any CPU.Build.0 = Release|Any CPU
		{24EAC856-86F5-490F-8059-F1CB5375FD88}.Debug|Any CPU.ActiveCfg = Debug|Any CPU
		{24EAC856-86F5-490F-8059-F1CB5375FD88}.Debug|Any CPU.Build.0 = Debug|Any CPU
		{24EAC856-86F5-490F-8059-F1CB5375FD88}.Release|Any CPU.ActiveCfg = Release|Any CPU
		{24EAC856-86F5-490F-8059-F1CB5375FD88}.Release|Any CPU.Build.0 = Release|Any CPU
	EndGlobalSection
	GlobalSection(SolutionProperties) = preSolution
		HideSolutionNode = FALSE
	EndGlobalSection
	GlobalSection(ExtensibilityGlobals) = postSolution
		SolutionGuid = {B98EB6B0-28C8-4113-A037-8F7D834ACF61}
	EndGlobalSection
EndGlobal
